// !$*UTF8*$!
{
	archiveVersion = 1;
	classes = {
	};
	objectVersion = 46;
	objects = {

/* Begin PBXGroup section */
		EDEFCAFA1FB0E13700D982A2 = {
			isa = PBXGroup;
			children = (
			);
			sourceTree = "<group>";
		};
/* End PBXGroup section */

/* Begin PBXProject section */
		EDEFCAFB1FB0E13700D982A2 /* Project object */ = {
			isa = PBXProject;
			attributes = {
				LastUpgradeCheck = 0820;
			};
			buildConfigurationList = EDEFCAFE1FB0E13700D982A2 /* Build configuration list for PBXProject "the_latin_do-er" */;
			compatibilityVersion = "Xcode 3.2";
			developmentRegion = English;
			hasScannedForEncodings = 0;
			knownRegions = (
				en,
			);
			mainGroup = EDEFCAFA1FB0E13700D982A2;
			projectDirPath = "";
			projectRoot = "";
			targets = (
			);
		};
/* End PBXProject section */

/* Begin XCBuildConfiguration section */
		EDEFCAFF1FB0E13700D982A2 /* Debug */ = {
			isa = XCBuildConfiguration;
			buildSettings = {
			};
			name = Debug;
		};
		EDEFCB001FB0E13700D982A2 /* Release */ = {
			isa = XCBuildConfiguration;
			buildSettings = {
			};
			name = Release;
		};
/* End XCBuildConfiguration section */

/* Begin XCConfigurationList section */
		EDEFCAFE1FB0E13700D982A2 /* Build configuration list for PBXProject "the_latin_do-er" */ = {
			isa = XCConfigurationList;
			buildConfigurations = (
				EDEFCAFF1FB0E13700D982A2 /* Debug */,
				EDEFCB001FB0E13700D982A2 /* Release */,
			);
			defaultConfigurationIsVisible = 0;
			defaultConfigurationName = Release;
		};
/* End XCConfigurationList section */
	};
	rootObject = EDEFCAFB1FB0E13700D982A2 /* Project object */;
}
